
Microsoft Visual Studio Solution File, Format Version 12.00
# Visual Studio Version 17
VisualStudioVersion = 17.0.31903.59
MinimumVisualStudioVersion = 10.0.40219.1
Project("{2150E333-8FDC-42A3-9474-1A3956D46DE8}") = "src", "src", "{827E0CD3-B72D-47B6-A68D-7590B98EB39B}"
EndProject
Project("{FAE04EC0-301F-11D3-BF4B-00C04F79EFBC}") = "SmartHospitalLogistics.Domain", "src\SmartHospitalLogistics.Domain\SmartHospitalLogistics.Domain.csproj", "{A3AD8B76-25BD-4581-B8D1-254CA7A1FB72}"
EndProject
Project("{FAE04EC0-301F-11D3-BF4B-00C04F79EFBC}") = "SmartHospitalLogistics.Application", "src\SmartHospitalLogistics.Application\SmartHospitalLogistics.Application.csproj", "{DF621D5D-7E4D-4F2F-B257-7B6A3DBAD64D}"
EndProject
Project("{FAE04EC0-301F-11D3-BF4B-00C04F79EFBC}") = "SmartHospitalLogistics.Infrastructure", "src\SmartHospitalLogistics.Infrastructure\SmartHospitalLogistics.Infrastructure.csproj", "{CED6C6CE-65CB-4B81-965F-1911F70C0200}"
EndProject
Project("{FAE04EC0-301F-11D3-BF4B-00C04F79EFBC}") = "SmartHospitalLogistics.Api", "src\SmartHospitalLogistics.Api\SmartHospitalLogistics.Api.csproj", "{44D7BAFD-76B0-4A36-B218-E82B4643F9F0}"
EndProject
Project("{FAE04EC0-301F-11D3-BF4B-00C04F79EFBC}") = "SmartHospitalLogistics.Application.Tests", "tests\SmartHospitalLogistics.Application.Tests\SmartHospitalLogistics.Application.Tests.csproj", "{9510C08F-2224-41BE-AA6E-29399AFD70B2}"
EndProject
Global
	GlobalSection(SolutionConfigurationPlatforms) = preSolution
		Debug|Any CPU = Debug|Any CPU
		Debug|x64 = Debug|x64
		Debug|x86 = Debug|x86
		Release|Any CPU = Release|Any CPU
		Release|x64 = Release|x64
		Release|x86 = Release|x86
	EndGlobalSection
	GlobalSection(ProjectConfigurationPlatforms) = postSolution
		{A3AD8B76-25BD-4581-B8D1-254CA7A1FB72}.Debug|Any CPU.ActiveCfg = Debug|Any CPU
		{A3AD8B76-25BD-4581-B8D1-254CA7A1FB72}.Debug|Any CPU.Build.0 = Debug|Any CPU
		{A3AD8B76-25BD-4581-B8D1-254CA7A1FB72}.Debug|x64.ActiveCfg = Debug|Any CPU
		{A3AD8B76-25BD-4581-B8D1-254CA7A1FB72}.Debug|x64.Build.0 = Debug|Any CPU
		{A3AD8B76-25BD-4581-B8D1-254CA7A1FB72}.Debug|x86.ActiveCfg = Debug|Any CPU
		{A3AD8B76-25BD-4581-B8D1-254CA7A1FB72}.Debug|x86.Build.0 = Debug|Any CPU
		{A3AD8B76-25BD-4581-B8D1-254CA7A1FB72}.Release|Any CPU.ActiveCfg = Release|Any CPU
		{A3AD8B76-25BD-4581-B8D1-254CA7A1FB72}.Release|Any CPU.Build.0 = Release|Any CPU
		{A3AD8B76-25BD-4581-B8D1-254CA7A1FB72}.Release|x64.ActiveCfg = Release|Any CPU
		{A3AD8B76-25BD-4581-B8D1-254CA7A1FB72}.Release|x64.Build.0 = Release|Any CPU
		{A3AD8B76-25BD-4581-B8D1-254CA7A1FB72}.Release|x86.ActiveCfg = Release|Any CPU
		{A3AD8B76-25BD-4581-B8D1-254CA7A1FB72}.Release|x86.Build.0 = Release|Any CPU
		{DF621D5D-7E4D-4F2F-B257-7B6A3DBAD64D}.Debug|Any CPU.ActiveCfg = Debug|Any CPU
		{DF621D5D-7E4D-4F2F-B257-7B6A3DBAD64D}.Debug|Any CPU.Build.0 = Debug|Any CPU
		{DF621D5D-7E4D-4F2F-B257-7B6A3DBAD64D}.Debug|x64.ActiveCfg = Debug|Any CPU
		{DF621D5D-7E4D-4F2F-B257-7B6A3DBAD64D}.Debug|x64.Build.0 = Debug|Any CPU
		{DF621D5D-7E4D-4F2F-B257-7B6A3DBAD64D}.Debug|x86.ActiveCfg = Debug|Any CPU
		{DF621D5D-7E4D-4F2F-B257-7B6A3DBAD64D}.Debug|x86.Build.0 = Debug|Any CPU
		{DF621D5D-7E4D-4F2F-B257-7B6A3DBAD64D}.Release|Any CPU.ActiveCfg = Release|Any CPU
		{DF621D5D-7E4D-4F2F-B257-7B6A3DBAD64D}.Release|Any CPU.Build.0 = Release|Any CPU
		{DF621D5D-7E4D-4F2F-B257-7B6A3DBAD64D}.Release|x64.ActiveCfg = Release|Any CPU
		{DF621D5D-7E4D-4F2F-B257-7B6A3DBAD64D}.Release|x64.Build.0 = Release|Any CPU
		{DF621D5D-7E4D-4F2F-B257-7B6A3DBAD64D}.Release|x86.ActiveCfg = Release|Any CPU
		{DF621D5D-7E4D-4F2F-B257-7B6A3DBAD64D}.Release|x86.Build.0 = Release|Any CPU
		{CED6C6CE-65CB-4B81-965F-1911F70C0200}.Debug|Any CPU.ActiveCfg = Debug|Any CPU
		{CED6C6CE-65CB-4B81-965F-1911F70C0200}.Debug|Any CPU.Build.0 = Debug|Any CPU
		{CED6C6CE-65CB-4B81-965F-1911F70C0200}.Debug|x64.ActiveCfg = Debug|Any CPU
		{CED6C6CE-65CB-4B81-965F-1911F70C0200}.Debug|x64.Build.0 = Debug|Any CPU
		{CED6C6CE-65CB-4B81-965F-1911F70C0200}.Debug|x86.ActiveCfg = Debug|Any CPU
		{CED6C6CE-65CB-4B81-965F-1911F70C0200}.Debug|x86.Build.0 = Debug|Any CPU
		{CED6C6CE-65CB-4B81-965F-1911F70C0200}.Release|Any CPU.ActiveCfg = Release|Any CPU
		{CED6C6CE-65CB-4B81-965F-1911F70C0200}.Release|Any CPU.Build.0 = Release|Any CPU
		{CED6C6CE-65CB-4B81-965F-1911F70C0200}.Release|x64.ActiveCfg = Release|Any CPU
		{CED6C6CE-65CB-4B81-965F-1911F70C0200}.Release|x64.Build.0 = Release|Any CPU
		{CED6C6CE-65CB-4B81-965F-1911F70C0200}.Release|x86.ActiveCfg = Release|Any CPU
		{CED6C6CE-65CB-4B81-965F-1911F70C0200}.Release|x86.Build.0 = Release|Any CPU
		{44D7BAFD-76B0-4A36-B218-E82B4643F9F0}.Debug|Any CPU.ActiveCfg = Debug|Any CPU
		{44D7BAFD-76B0-4A36-B218-E82B4643F9F0}.Debug|Any CPU.Build.0 = Debug|Any CPU
		{44D7BAFD-76B0-4A36-B218-E82B4643F9F0}.Debug|x64.ActiveCfg = Debug|Any CPU
		{44D7BAFD-76B0-4A36-B218-E82B4643F9F0}.Debug|x64.Build.0 = Debug|Any CPU
		{44D7BAFD-76B0-4A36-B218-E82B4643F9F0}.Debug|x86.ActiveCfg = Debug|Any CPU
		{44D7BAFD-76B0-4A36-B218-E82B4643F9F0}.Debug|x86.Build.0 = Debug|Any CPU
		{44D7BAFD-76B0-4A36-B218-E82B4643F9F0}.Release|Any CPU.ActiveCfg = Release|Any CPU
		{44D7BAFD-76B0-4A36-B218-E82B4643F9F0}.Release|Any CPU.Build.0 = Release|Any CPU
		{44D7BAFD-76B0-4A36-B218-E82B4643F9F0}.Release|x64.ActiveCfg = Release|Any CPU
		{44D7BAFD-76B0-4A36-B218-E82B4643F9F0}.Release|x64.Build.0 = Release|Any CPU
		{44D7BAFD-76B0-4A36-B218-E82B4643F9F0}.Release|x86.ActiveCfg = Release|Any CPU
		{44D7BAFD-76B0-4A36-B218-E82B4643F9F0}.Release|x86.Build.0 = Release|Any CPU
		{9510C08F-2224-41BE-AA6E-29399AFD70B2}.Debug|Any CPU.ActiveCfg = Debug|Any CPU
		{9510C08F-2224-41BE-AA6E-29399AFD70B2}.Debug|Any CPU.Build.0 = Debug|Any CPU
		{9510C08F-2224-41BE-AA6E-29399AFD70B2}.Debug|x64.ActiveCfg = Debug|Any CPU
		{9510C08F-2224-41BE-AA6E-29399AFD70B2}.Debug|x64.Build.0 = Debug|Any CPU
		{9510C08F-2224-41BE-AA6E-29399AFD70B2}.Debug|x86.ActiveCfg = Debug|Any CPU
		{9510C08F-2224-41BE-AA6E-29399AFD70B2}.Debug|x86.Build.0 = Debug|Any CPU
		{9510C08F-2224-41BE-AA6E-29399AFD70B2}.Release|Any CPU.ActiveCfg = Release|Any CPU
		{9510C08F-2224-41BE-AA6E-29399AFD70B2}.Release|Any CPU.Build.0 = Release|Any CPU
		{9510C08F-2224-41BE-AA6E-29399AFD70B2}.Release|x64.ActiveCfg = Release|Any CPU
		{9510C08F-2224-41BE-AA6E-29399AFD70B2}.Release|x64.Build.0 = Release|Any CPU
		{9510C08F-2224-41BE-AA6E-29399AFD70B2}.Release|x86.ActiveCfg = Release|Any CPU
		{9510C08F-2224-41BE-AA6E-29399AFD70B2}.Release|x86.Build.0 = Release|Any CPU
	EndGlobalSection
	GlobalSection(SolutionProperties) = preSolution
		HideSolutionNode = FALSE
	EndGlobalSection
	GlobalSection(NestedProjects) = preSolution
		{A3AD8B76-25BD-4581-B8D1-254CA7A1FB72} = {827E0CD3-B72D-47B6-A68D-7590B98EB39B}
		{DF621D5D-7E4D-4F2F-B257-7B6A3DBAD64D} = {827E0CD3-B72D-47B6-A68D-7590B98EB39B}
		{CED6C6CE-65CB-4B81-965F-1911F70C0200} = {827E0CD3-B72D-47B6-A68D-7590B98EB39B}
		{44D7BAFD-76B0-4A36-B218-E82B4643F9F0} = {827E0CD3-B72D-47B6-A68D-7590B98EB39B}
		{9510C08F-2224-41BE-AA6E-29399AFD70B2} = {827E0CD3-B72D-47B6-A68D-7590B98EB39B}
	EndGlobalSection
EndGlobal
